
Microsoft Visual Studio Solution File, Format Version 12.00
# Visual Studio Version 17
VisualStudioVersion = 17.14.37012.4 d17.14
MinimumVisualStudioVersion = 10.0.40219.1
Project("{FAE04EC0-301F-11D3-BF4B-00C04F79EFBC}") = "DgAPI", "DgAPI\DgAPI.csproj", "{89ECECE6-A514-4D94-916C-D4E3D42CCDBB}"
EndProject
Project("{2150E333-8FDC-42A3-9474-1A3956D46DE8}") = "Data", "Data", "{02EA681E-C7D8-13C7-8484-4AC65E1B71E8}"
	ProjectSection(SolutionItems) = preProject
		DgContext.cs = DgContext.cs
	EndProjectSection
EndProject
Global
	GlobalSection(SolutionConfigurationPlatforms) = preSolution
		Debug|Any CPU = Debug|Any CPU
		Release|Any CPU = Release|Any CPU
	EndGlobalSection
	GlobalSection(ProjectConfigurationPlatforms) = postSolution
		{89ECECE6-A514-4D94-916C-D4E3D42CCDBB}.Debug|Any CPU.ActiveCfg = Debug|Any CPU
		{89ECECE6-A514-4D94-916C-D4E3D42CCDBB}.Debug|Any CPU.Build.0 = Debug|Any CPU
		{89ECECE6-A514-4D94-916C-D4E3D42CCDBB}.Release|Any CPU.ActiveCfg = Release|Any CPU
		{89ECECE6-A514-4D94-916C-D4E3D42CCDBB}.Release|Any CPU.Build.0 = Release|Any CPU
	EndGlobalSection
	GlobalSection(SolutionProperties) = preSolution
		HideSolutionNode = FALSE
	EndGlobalSection
	GlobalSection(ExtensibilityGlobals) = postSolution
		SolutionGuid = {96A10190-29B6-4358-B897-7FC1BAE95DA0}
	EndGlobalSection
EndGlobal
